
Microsoft Visual Studio Solution File, Format Version 12.00
# Visual Studio Version 17
VisualStudioVersion = 17.14.36518.9 d17.14
MinimumVisualStudioVersion = 10.0.40219.1
Project("{FAE04EC0-301F-11D3-BF4B-00C04F79EFBC}") = "kulinarybook", "kulinarybook\kulinarybook.csproj", "{F3FFF5B6-DF52-4872-8F9D-47282716CD91}"
EndProject
Global
	GlobalSection(SolutionConfigurationPlatforms) = preSolution
		Debug|Any CPU = Debug|Any CPU
		Release|Any CPU = Release|Any CPU
	EndGlobalSection
	GlobalSection(ProjectConfigurationPlatforms) = postSolution
		{F3FFF5B6-DF52-4872-8F9D-47282716CD91}.Debug|Any CPU.ActiveCfg = Debug|Any CPU
		{F3FFF5B6-DF52-4872-8F9D-47282716CD91}.Debug|Any CPU.Build.0 = Debug|Any CPU
		{F3FFF5B6-DF52-4872-8F9D-47282716CD91}.Release|Any CPU.ActiveCfg = Release|Any CPU
		{F3FFF5B6-DF52-4872-8F9D-47282716CD91}.Release|Any CPU.Build.0 = Release|Any CPU
	EndGlobalSection
	GlobalSection(SolutionProperties) = preSolution
		HideSolutionNode = FALSE
	EndGlobalSection
	GlobalSection(ExtensibilityGlobals) = postSolution
		SolutionGuid = {E417B6D5-EC20-4A02-B005-AD5FC8C53DFC}
	EndGlobalSection
EndGlobal
